
Microsoft Visual Studio Solution File, Format Version 12.00
# Visual Studio Version 17
VisualStudioVersion = 17.8.34330.188
MinimumVisualStudioVersion = 10.0.40219.1
Project("{F184B08F-C81C-45F6-A57F-5ABD9991F28F}") = "draft fin", "draft fin\draft fin.vbproj", "{B4774C97-703D-4C0A-80E6-69C69F8BBD67}"
EndProject
Global
	GlobalSection(SolutionConfigurationPlatforms) = preSolution
		Debug|Any CPU = Debug|Any CPU
		Release|Any CPU = Release|Any CPU
	EndGlobalSection
	GlobalSection(ProjectConfigurationPlatforms) = postSolution
		{B4774C97-703D-4C0A-80E6-69C69F8BBD67}.Debug|Any CPU.ActiveCfg = Debug|Any CPU
		{B4774C97-703D-4C0A-80E6-69C69F8BBD67}.Debug|Any CPU.Build.0 = Debug|Any CPU
		{B4774C97-703D-4C0A-80E6-69C69F8BBD67}.Release|Any CPU.ActiveCfg = Release|Any CPU
		{B4774C97-703D-4C0A-80E6-69C69F8BBD67}.Release|Any CPU.Build.0 = Release|Any CPU
	EndGlobalSection
	GlobalSection(SolutionProperties) = preSolution
		HideSolutionNode = FALSE
	EndGlobalSection
	GlobalSection(ExtensibilityGlobals) = postSolution
		SolutionGuid = {B0DF4E4B-B243-4B29-8CAE-3C5C381DEDB6}
	EndGlobalSection
EndGlobal
